
Microsoft Visual Studio Solution File, Format Version 12.00
# Visual Studio 2013
VisualStudioVersion = 12.0.40629.0
MinimumVisualStudioVersion = 10.0.40219.1
Project("{FAE04EC0-301F-11D3-BF4B-00C04F79EFBC}") = "Sphere Booking and Check-in System", "Sphere Booking and Check-in System\Sphere Booking and Check-in System.csproj", "{3F1A4A87-6E55-4A68-80FA-485498208391}"
EndProject
Project("{FAE04EC0-301F-11D3-BF4B-00C04F79EFBC}") = "CodedUISessionManagement", "CodedUISessionManagement\CodedUISessionManagement.csproj", "{38894A92-B08E-478C-BCAE-80290ED5496A}"
EndProject
Global
	GlobalSection(SolutionConfigurationPlatforms) = preSolution
		Debug|Any CPU = Debug|Any CPU
		Release|Any CPU = Release|Any CPU
	EndGlobalSection
	GlobalSection(ProjectConfigurationPlatforms) = postSolution
		{3F1A4A87-6E55-4A68-80FA-485498208391}.Debug|Any CPU.ActiveCfg = Debug|Any CPU
		{3F1A4A87-6E55-4A68-80FA-485498208391}.Debug|Any CPU.Build.0 = Debug|Any CPU
		{3F1A4A87-6E55-4A68-80FA-485498208391}.Release|Any CPU.ActiveCfg = Release|Any CPU
		{3F1A4A87-6E55-4A68-80FA-485498208391}.Release|Any CPU.Build.0 = Release|Any CPU
		{38894A92-B08E-478C-BCAE-80290ED5496A}.Debug|Any CPU.ActiveCfg = Debug|Any CPU
		{38894A92-B08E-478C-BCAE-80290ED5496A}.Debug|Any CPU.Build.0 = Debug|Any CPU
		{38894A92-B08E-478C-BCAE-80290ED5496A}.Release|Any CPU.ActiveCfg = Release|Any CPU
		{38894A92-B08E-478C-BCAE-80290ED5496A}.Release|Any CPU.Build.0 = Release|Any CPU
	EndGlobalSection
	GlobalSection(SolutionProperties) = preSolution
		HideSolutionNode = FALSE
	EndGlobalSection
EndGlobal
